{
  "lockfile_version": "1",
  "packages": {
    "go@1.23": {
      "last_modified": "2024-12-23T21:10:33Z",
      "resolved": "github:NixOS/nixpkgs/de1864217bfa9b5845f465e771e0ecb48b30e02d#go",
      "source": "devbox-search",
      "version": "1.23.4",
      "systems": {
        "aarch64-darwin": {
          "outputs": [
            {
              "name": "out",
              "path": "/nix/store/bva4mymi5b2lhvvbccx8ipws89rar1d8-go-1.23.4",
              "default": true
            }
          ],
          "store_path": "/nix/store/bva4mymi5b2lhvvbccx8ipws89rar1d8-go-1.23.4"
        },
        "aarch64-linux": {
          "outputs": [
            {
              "name": "out",
              "path": "/nix/store/9lvi0l2yf6bwamsjs5d5n9i57c6kbd2c-go-1.23.4",
              "default": true
            }
          ],
          "store_path": "/nix/store/9lvi0l2yf6bwamsjs5d5n9i57c6kbd2c-go-1.23.4"
        },
        "x86_64-darwin": {
          "outputs": [
            {
              "name": "out",
              "path": "/nix/store/sf1y7x29wvp9lppx5ya9h5b42fcmxb32-go-1.23.4",
              "default": true
            }
          ],
          "store_path": "/nix/store/sf1y7x29wvp9lppx5ya9h5b42fcmxb32-go-1.23.4"
        },
        "x86_64-linux": {
          "outputs": [
            {
              "path": "/nix/store/jfv85qbj4vb1dafcg6kncg4vrbq2bbxv-go-1.23.4",
              "default": true
            }
          ],
          "store_path": "/nix/store/jfv85qbj4vb1dafcg6kncg4vrbq2bbxv-go-1.23.4"
        }
      }
    },
    "gofumpt@0.7": {
      "last_modified": "2024-12-23T21:10:33Z",
      "resolved": "github:NixOS/nixpkgs/de1864217bfa9b5845f465e771e0ecb48b30e02d#gofumpt",
      "source": "devbox-search",
      "version": "0.7.0",
      "systems": {
        "aarch64-darwin": {
          "outputs": [
            {
              "name": "out",
              "path": "/nix/store/agaypkhfm7phwm4rkqih9sg34yd5zj5n-gofumpt-0.7.0",
              "default": true
            }
          ],
          "store_path": "/nix/store/agaypkhfm7phwm4rkqih9sg34yd5zj5n-gofumpt-0.7.0"
        },
        "aarch64-linux": {
          "outputs": [
            {
              "name": "out",
              "path": "/nix/store/cnacf7qvbasir74h1b2d19syw7902chg-gofumpt-0.7.0",
              "default": true
            }
          ],
          "store_path": "/nix/store/cnacf7qvbasir74h1b2d19syw7902chg-gofumpt-0.7.0"
        },
        "x86_64-darwin": {
          "outputs": [
            {
              "name": "out",
              "path": "/nix/store/ws2bs247k1026wkv0ijply8yz3q4g4pw-gofumpt-0.7.0",
              "default": true
            }
          ],
          "store_path": "/nix/store/ws2bs247k1026wkv0ijply8yz3q4g4pw-gofumpt-0.7.0"
        },
        "x86_64-linux": {
          "outputs": [
            {
              "path": "/nix/store/w4fgbdhsfhp49gkslz0zrxsa5ivyq1xa-gofumpt-0.7.0",
              "default": true
            }
          ],
          "store_path": "/nix/store/w4fgbdhsfhp49gkslz0zrxsa5ivyq1xa-gofumpt-0.7.0"
        }
      }
    },
    "golangci-lint@1.6": {
      "last_modified": "2025-01-03T14:51:55Z",
      "resolved": "github:NixOS/nixpkgs/a27871180d30ebee8aa6b11bf7fef8a52f024733#golangci-lint",
      "source": "devbox-search",
      "version": "1.63.1",
      "systems": {
        "aarch64-darwin": {
          "outputs": [
            {
              "name": "out",
              "path": "/nix/store/7rkrh0p9zvcwh9fy0hsk7pxcldvaiajs-golangci-lint-1.63.1",
              "default": true
            }
          ],
          "store_path": "/nix/store/7rkrh0p9zvcwh9fy0hsk7pxcldvaiajs-golangci-lint-1.63.1"
        },
        "aarch64-linux": {
          "outputs": [
            {
              "name": "out",
              "path": "/nix/store/z839l50jifg5129zsnsshz10d5cfc8f7-golangci-lint-1.63.1",
              "default": true
            }
          ],
          "store_path": "/nix/store/z839l50jifg5129zsnsshz10d5cfc8f7-golangci-lint-1.63.1"
        },
        "x86_64-darwin": {
          "outputs": [
            {
              "name": "out",
              "path": "/nix/store/8x11dm1d0zj7rb3y4rsdydmfmfqr4vjd-golangci-lint-1.63.1",
              "default": true
            }
          ],
          "store_path": "/nix/store/8x11dm1d0zj7rb3y4rsdydmfmfqr4vjd-golangci-lint-1.63.1"
        },
        "x86_64-linux": {
          "outputs": [
            {
              "path": "/nix/store/jh9mhp15v2gfrkfg7d439wbx2vmlqjlv-golangci-lint-1.63.1",
              "default": true
            }
          ],
          "store_path": "/nix/store/jh9mhp15v2gfrkfg7d439wbx2vmlqjlv-golangci-lint-1.63.1"
        }
      }
    },
    "golines@0.12": {
      "last_modified": "2024-12-23T21:10:33Z",
      "resolved": "github:NixOS/nixpkgs/de1864217bfa9b5845f465e771e0ecb48b30e02d#golines",
      "source": "devbox-search",
      "version": "0.12.2",
      "systems": {
        "aarch64-darwin": {
          "outputs": [
            {
              "name": "out",
              "path": "/nix/store/nvwgnqgn3sryjmp3x25lgw4w1rx9zk38-golines-0.12.2",
              "default": true
            }
          ],
          "store_path": "/nix/store/nvwgnqgn3sryjmp3x25lgw4w1rx9zk38-golines-0.12.2"
        },
        "aarch64-linux": {
          "outputs": [
            {
              "name": "out",
              "path": "/nix/store/yrx911gx72hwzz6hj3k6l9izlrbnnnb2-golines-0.12.2",
              "default": true
            }
          ],
          "store_path": "/nix/store/yrx911gx72hwzz6hj3k6l9izlrbnnnb2-golines-0.12.2"
        },
        "x86_64-darwin": {
          "outputs": [
            {
              "name": "out",
              "path": "/nix/store/0qm04wxxzzl3qdpzlymmskm7c2pz66sa-golines-0.12.2",
              "default": true
            }
          ],
          "store_path": "/nix/store/0qm04wxxzzl3qdpzlymmskm7c2pz66sa-golines-0.12.2"
        },
        "x86_64-linux": {
          "outputs": [
            {
              "path": "/nix/store/wh5q51fbyml7b3rnrsvnmi66vslfhya1-golines-0.12.2",
              "default": true
            }
          ],
          "store_path": "/nix/store/wh5q51fbyml7b3rnrsvnmi66vslfhya1-golines-0.12.2"
        }
      }
    },
    "gosec@latest": {
      "last_modified": "2024-12-23T21:10:33Z",
      "resolved": "github:NixOS/nixpkgs/de1864217bfa9b5845f465e771e0ecb48b30e02d#gosec",
      "source": "devbox-search",
      "version": "2.21.4",
      "systems": {
        "aarch64-darwin": {
          "outputs": [
            {
              "name": "out",
              "path": "/nix/store/lvrwyzcramy7jvkw3fd0rr0lj28bfd7f-gosec-2.21.4",
              "default": true
            }
          ],
          "store_path": "/nix/store/lvrwyzcramy7jvkw3fd0rr0lj28bfd7f-gosec-2.21.4"
        },
        "aarch64-linux": {
          "outputs": [
            {
              "name": "out",
              "path": "/nix/store/vvq1sarc805lppkbnc13wclp8hh00lij-gosec-2.21.4",
              "default": true
            }
          ],
          "store_path": "/nix/store/vvq1sarc805lppkbnc13wclp8hh00lij-gosec-2.21.4"
        },
        "x86_64-darwin": {
          "outputs": [
            {
              "name": "out",
              "path": "/nix/store/1k7iizh2vjak56835s5a1r8vbz7xmk96-gosec-2.21.4",
              "default": true
            }
          ],
          "store_path": "/nix/store/1k7iizh2vjak56835s5a1r8vbz7xmk96-gosec-2.21.4"
        },
        "x86_64-linux": {
          "outputs": [
            {
              "path": "/nix/store/ky7w6wcpg98jj3ii71n0m9x6n7rcn42k-gosec-2.21.4",
              "default": true
            }
          ],
          "store_path": "/nix/store/ky7w6wcpg98jj3ii71n0m9x6n7rcn42k-gosec-2.21.4"
        }
      }
    },
    "gotools@0.22": {
      "last_modified": "2024-09-10T15:01:03Z",
      "resolved": "github:NixOS/nixpkgs/5ed627539ac84809c78b2dd6d26a5cebeb5ae269#gotools",
      "source": "devbox-search",
      "version": "0.22.0",
      "systems": {
        "aarch64-darwin": {
          "outputs": [
            {
              "name": "out",
              "path": "/nix/store/nvd5v0b6m481n89522nnbg4qc8pb7xyg-gotools-0.22.0",
              "default": true
            }
          ],
          "store_path": "/nix/store/nvd5v0b6m481n89522nnbg4qc8pb7xyg-gotools-0.22.0"
        },
        "aarch64-linux": {
          "outputs": [
            {
              "name": "out",
              "path": "/nix/store/y8s75dzkghlz0l1ps6c85r5m6l0ri93q-gotools-0.22.0",
              "default": true
            }
          ],
          "store_path": "/nix/store/y8s75dzkghlz0l1ps6c85r5m6l0ri93q-gotools-0.22.0"
        },
        "x86_64-darwin": {
          "outputs": [
            {
              "name": "out",
              "path": "/nix/store/zngdj1p0mw9fc3kx1gzv95pk54gm6i0q-gotools-0.22.0",
              "default": true
            }
          ],
          "store_path": "/nix/store/zngdj1p0mw9fc3kx1gzv95pk54gm6i0q-gotools-0.22.0"
        },
        "x86_64-linux": {
          "outputs": [
            {
              "path": "/nix/store/22x25pzrkh7sqwmpjpgj94n6gd6jcaj8-gotools-0.22.0",
              "default": true
            }
          ],
          "store_path": "/nix/store/22x25pzrkh7sqwmpjpgj94n6gd6jcaj8-gotools-0.22.0"
        }
      }
    },
    "govulncheck@latest": {
      "last_modified": "2024-12-23T21:10:33Z",
      "resolved": "github:NixOS/nixpkgs/de1864217bfa9b5845f465e771e0ecb48b30e02d#govulncheck",
      "source": "devbox-search",
      "version": "1.1.3",
      "systems": {
        "aarch64-darwin": {
          "outputs": [
            {
              "name": "out",
              "path": "/nix/store/by599rqqdjnsyqwfhq9j6rzri0ddfy8i-govulncheck-1.1.3",
              "default": true
            }
          ],
          "store_path": "/nix/store/by599rqqdjnsyqwfhq9j6rzri0ddfy8i-govulncheck-1.1.3"
        },
        "aarch64-linux": {
          "outputs": [
            {
              "name": "out",
              "path": "/nix/store/prc7h2103j64dhw233jay1pbap2rarzc-govulncheck-1.1.3",
              "default": true
            }
          ],
          "store_path": "/nix/store/prc7h2103j64dhw233jay1pbap2rarzc-govulncheck-1.1.3"
        },
        "x86_64-darwin": {
          "outputs": [
            {
              "name": "out",
              "path": "/nix/store/ndhb3mfml5qamqdh8hz56v5plpx7jvfh-govulncheck-1.1.3",
              "default": true
            }
          ],
          "store_path": "/nix/store/ndhb3mfml5qamqdh8hz56v5plpx7jvfh-govulncheck-1.1.3"
        },
        "x86_64-linux": {
          "outputs": [
            {
              "path": "/nix/store/szn68kvpg2p5l42fgnydwhijqhc1qn50-govulncheck-1.1.3",
              "default": true
            }
          ],
          "store_path": "/nix/store/szn68kvpg2p5l42fgnydwhijqhc1qn50-govulncheck-1.1.3"
        }
      }
    },
    "yarn@1.22": {
      "last_modified": "2024-12-23T21:10:33Z",
      "resolved": "github:NixOS/nixpkgs/de1864217bfa9b5845f465e771e0ecb48b30e02d#yarn",
      "source": "devbox-search",
      "version": "1.22.22",
      "systems": {
        "aarch64-darwin": {
          "outputs": [
            {
              "name": "out",
              "path": "/nix/store/jcbyc2k0vkkm862r7f9nwxaa69khfr3h-yarn-1.22.22",
              "default": true
            }
          ],
          "store_path": "/nix/store/jcbyc2k0vkkm862r7f9nwxaa69khfr3h-yarn-1.22.22"
        },
        "aarch64-linux": {
          "outputs": [
            {
              "name": "out",
              "path": "/nix/store/sxxpynsiv8mhq1f0gi1d1rzcj2v0af5w-yarn-1.22.22",
              "default": true
            }
          ],
          "store_path": "/nix/store/sxxpynsiv8mhq1f0gi1d1rzcj2v0af5w-yarn-1.22.22"
        },
        "x86_64-darwin": {
          "outputs": [
            {
              "name": "out",
              "path": "/nix/store/gw4vlw2qhk94mjwdypqxdzczpml7x1w9-yarn-1.22.22",
              "default": true
            }
          ],
          "store_path": "/nix/store/gw4vlw2qhk94mjwdypqxdzczpml7x1w9-yarn-1.22.22"
        },
        "x86_64-linux": {
          "outputs": [
            {
              "path": "/nix/store/h705p6lmismdn6ay2pn04rvcb2p6vl6i-yarn-1.22.22",
              "default": true
            }
          ],
          "store_path": "/nix/store/h705p6lmismdn6ay2pn04rvcb2p6vl6i-yarn-1.22.22"
        }
      }
    }
  }
}
