{
  "lockfile_version": "1",
  "packages": {
    "yarn@1.22": {
      "last_modified": "2024-08-14T11:41:26Z",
      "resolved": "github:NixOS/nixpkgs/0cb2fd7c59fed0cd82ef858cbcbdb552b9a33465#yarn",
      "source": "devbox-search",
      "version": "1.22.22",
      "systems": {
        "aarch64-darwin": {
          "outputs": [
            {
              "name": "out",
              "path": "/nix/store/vaylrlzgx5mykq3naphkabgf2vgz51yn-yarn-1.22.22",
              "default": true
            }
          ],
          "store_path": "/nix/store/vaylrlzgx5mykq3naphkabgf2vgz51yn-yarn-1.22.22"
        },
        "aarch64-linux": {
          "outputs": [
            {
              "name": "out",
              "path": "/nix/store/b3lwjiijfrjpq6gsb5zy2wb1f412wgc0-yarn-1.22.22",
              "default": true
            }
          ],
          "store_path": "/nix/store/b3lwjiijfrjpq6gsb5zy2wb1f412wgc0-yarn-1.22.22"
        },
        "x86_64-darwin": {
          "outputs": [
            {
              "name": "out",
              "path": "/nix/store/s5jv8v5g12mp4xzwlkdcqw72s4nq1zp3-yarn-1.22.22",
              "default": true
            }
          ],
          "store_path": "/nix/store/s5jv8v5g12mp4xzwlkdcqw72s4nq1zp3-yarn-1.22.22"
        },
        "x86_64-linux": {
          "outputs": [
            {
              "name": "out",
              "path": "/nix/store/si89wdnns2qvm0ji57d4ghkcm3wxah2p-yarn-1.22.22",
              "default": true
            }
          ],
          "store_path": "/nix/store/si89wdnns2qvm0ji57d4ghkcm3wxah2p-yarn-1.22.22"
        }
      }
    }
  }
}
