# THIS IS AN AUTOGENERATED FILE. DO NOT EDIT THIS FILE DIRECTLY.
# yarn lockfile v1


"@babel/code-frame@^7.0.0":
  version "7.12.13"
  resolved "https://registry.yarnpkg.com/@babel/code-frame/-/code-frame-7.12.13.tgz#dcfc826beef65e75c50e21d3837d7d95798dd658"
  integrity sha512-HV1Cm0Q3ZrpCR93tkWOYiuYIgLxZXZFVG2VgK+MBWjUqZTundupbfx2aXarXuw5Ko5aMcjtJgbSs4vUGBS5v6g==
  dependencies:
    "@babel/highlight" "^7.12.13"

"@babel/helper-validator-identifier@^7.14.0":
  version "7.14.0"
  resolved "https://registry.yarnpkg.com/@babel/helper-validator-identifier/-/helper-validator-identifier-7.14.0.tgz#d26cad8a47c65286b15df1547319a5d0bcf27288"
  integrity sha512-V3ts7zMSu5lfiwWDVWzRDGIN+lnCEUdaXgtVHJgLb1rGaA6jMrtB9EmE7L18foXJIE8Un/A/h6NJfGQp/e1J4A==

"@babel/highlight@^7.12.13":
  version "7.14.0"
  resolved "https://registry.yarnpkg.com/@babel/highlight/-/highlight-7.14.0.tgz#3197e375711ef6bf834e67d0daec88e4f46113cf"
  integrity sha512-YSCOwxvTYEIMSGaBQb5kDDsCopDdiUGsqpatp3fOlI4+2HQSkTmEVWnVuySdAC5EWCqSWWTv0ib63RjR7dTBdg==
  dependencies:
    "@babel/helper-validator-identifier" "^7.14.0"
    chalk "^2.0.0"
    js-tokens "^4.0.0"

"@cspell/cspell-bundled-dicts@^5.13.3":
  version "5.13.3"
  resolved "https://registry.yarnpkg.com/@cspell/cspell-bundled-dicts/-/cspell-bundled-dicts-5.13.3.tgz#67a306ee50ecd6502cdc90d9416c3506e8c3d112"
  integrity sha512-IfjMBNA0M9QsZQW68rGNfWGawAAw5gkjDstuvsEuJfFoOHBT6NB8T5asGmMPJcRdfLvLSaVSG5IYnYWxL0wu/A==
  dependencies:
    "@cspell/dict-ada" "^1.1.2"
    "@cspell/dict-aws" "^1.0.14"
    "@cspell/dict-bash" "^1.0.17"
    "@cspell/dict-companies" "^2.0.2"
    "@cspell/dict-cpp" "^1.1.40"
    "@cspell/dict-cryptocurrencies" "^1.0.10"
    "@cspell/dict-csharp" "^2.0.1"
    "@cspell/dict-css" "^1.0.12"
    "@cspell/dict-django" "^1.0.26"
    "@cspell/dict-dotnet" "^1.0.32"
    "@cspell/dict-elixir" "^1.0.26"
    "@cspell/dict-en-gb" "^1.1.33"
    "@cspell/dict-en_us" "^2.1.4"
    "@cspell/dict-filetypes" "^2.0.1"
    "@cspell/dict-fonts" "^1.0.14"
    "@cspell/dict-fullstack" "^2.0.4"
    "@cspell/dict-golang" "^1.1.24"
    "@cspell/dict-haskell" "^1.0.13"
    "@cspell/dict-html" "^1.1.9"
    "@cspell/dict-html-symbol-entities" "^1.0.23"
    "@cspell/dict-java" "^1.0.23"
    "@cspell/dict-latex" "^1.0.25"
    "@cspell/dict-lorem-ipsum" "^1.0.22"
    "@cspell/dict-lua" "^1.0.16"
    "@cspell/dict-node" "^1.0.12"
    "@cspell/dict-npm" "^1.0.16"
    "@cspell/dict-php" "^1.0.25"
    "@cspell/dict-powershell" "^1.0.19"
    "@cspell/dict-public-licenses" "^1.0.4"
    "@cspell/dict-python" "^2.0.5"
    "@cspell/dict-ruby" "^1.0.15"
    "@cspell/dict-rust" "^1.0.23"
    "@cspell/dict-scala" "^1.0.21"
    "@cspell/dict-software-terms" "^2.0.11"
    "@cspell/dict-swift" "^1.0.1"
    "@cspell/dict-typescript" "^1.0.19"
    "@cspell/dict-vue" "^2.0.1"

"@cspell/cspell-types@^5.13.3":
  version "5.13.3"
  resolved "https://registry.yarnpkg.com/@cspell/cspell-types/-/cspell-types-5.13.3.tgz#5104c6cbbd19a71528b94100b3689978260aee8b"
  integrity sha512-T70PvJQ5GV8BW7U2Q5mnrIB5poPnF7bNk7Cp95piYUcv/jlrPdWanDvdp+2gJLM+h0GUDRXscoX3Air4BmAwng==

"@cspell/dict-ada@^1.1.2":
  version "1.1.2"
  resolved "https://registry.yarnpkg.com/@cspell/dict-ada/-/dict-ada-1.1.2.tgz#89556226c1d5f856ce1f7afa85543b04fa477092"
  integrity sha512-UDrcYcKIVyXDz5mInJabRNQpJoehjBFvja5W+GQyu9pGcx3BS3cAU8mWENstGR0Qc/iFTxB010qwF8F3cHA/aA==

"@cspell/dict-aws@^1.0.14":
  version "1.0.14"
  resolved "https://registry.yarnpkg.com/@cspell/dict-aws/-/dict-aws-1.0.14.tgz#beddede1053ce3622400e36c65da9fd2954e939d"
  integrity sha512-K21CfB4ZpKYwwDQiPfic2zJA/uxkbsd4IQGejEvDAhE3z8wBs6g6BwwqdVO767M9NgZqc021yAVpr79N5pWe3w==

"@cspell/dict-bash@^1.0.17":
  version "1.0.17"
  resolved "https://registry.yarnpkg.com/@cspell/dict-bash/-/dict-bash-1.0.17.tgz#5e10e8e276e646f8e77fd3d117b49d25b83d52ab"
  integrity sha512-BlX+pnDlLmIf776C9d71QjXl4NOIz+yloeixx1ZZjrwvKPLF+ffE/Ez13eV+D9R2Ps1rW10UvW8u3Hbmwme+Fw==

"@cspell/dict-companies@^2.0.2":
  version "2.0.2"
  resolved "https://registry.yarnpkg.com/@cspell/dict-companies/-/dict-companies-2.0.2.tgz#de315b8315b868f877e6161f9fe70e8efc769931"
  integrity sha512-LPKwBMAWRz+p1R8q+TV6E1sGOOTvxJOaJeXNN++CZQ7i6JMn5Rf+BSxagwkeK6z3o9vIC5ZE4AcQ5BMkvyjqGw==

"@cspell/dict-cpp@^1.1.40":
  version "1.1.40"
  resolved "https://registry.yarnpkg.com/@cspell/dict-cpp/-/dict-cpp-1.1.40.tgz#f9a859e19d31b83f07a106e4c3c8720a2d93595b"
  integrity sha512-sscfB3woNDNj60/yGXAdwNtIRWZ89y35xnIaJVDMk5TPMMpaDvuk0a34iOPIq0g4V+Y8e3RyAg71SH6ADwSjGw==

"@cspell/dict-cryptocurrencies@^1.0.10":
  version "1.0.10"
  resolved "https://registry.yarnpkg.com/@cspell/dict-cryptocurrencies/-/dict-cryptocurrencies-1.0.10.tgz#04426fdfee8752818b375686d34a154b2fb40c7d"
  integrity sha512-47ABvDJOkaST/rXipNMfNvneHUzASvmL6K/CbOFpYKfsd0x23Jc9k1yaOC7JAm82XSC/8a7+3Yu+Fk2jVJNnsA==

"@cspell/dict-csharp@^2.0.1":
  version "2.0.1"
  resolved "https://registry.yarnpkg.com/@cspell/dict-csharp/-/dict-csharp-2.0.1.tgz#86ec4fa42ba9a4cc57df28ec7a335b56bf751c5b"
  integrity sha512-ZzAr+WRP2FUtXHZtfhe8f3j9vPjH+5i44Hcr5JqbWxmqciGoTbWBPQXwu9y+J4mbdC69HSWRrVGkNJ8rQk8pSw==

"@cspell/dict-css@^1.0.12":
  version "1.0.12"
  resolved "https://registry.yarnpkg.com/@cspell/dict-css/-/dict-css-1.0.12.tgz#ec01cec102c8b128aad5e29c97dfb7a982887e12"
  integrity sha512-K6yuxej7n454O7dwKG6lHacHrAOMZ0PhMEbmV6qH2JH0U4TtWXfBASYugHvXZCDDx1UObpiJP+3tQJiBqfGpHA==

"@cspell/dict-django@^1.0.26":
  version "1.0.26"
  resolved "https://registry.yarnpkg.com/@cspell/dict-django/-/dict-django-1.0.26.tgz#b97ce0112fbe8c3c3ada0387c68971b5e27483ab"
  integrity sha512-mn9bd7Et1L2zuibc08GVHTiD2Go3/hdjyX5KLukXDklBkq06r+tb0OtKtf1zKodtFDTIaYekGADhNhA6AnKLkg==

"@cspell/dict-dotnet@^1.0.32":
  version "1.0.32"
  resolved "https://registry.yarnpkg.com/@cspell/dict-dotnet/-/dict-dotnet-1.0.32.tgz#412af0bf1f65c5902c8ef8a4f1decae2892790e2"
  integrity sha512-9H9vXrgJB4KF8xsyTToXO53cXD33iyfrpT4mhCds+YLUw3P3x3E9myszgJzshnrxYBvQZ+QMII57Qr6SjZVk4Q==

"@cspell/dict-elixir@^1.0.26":
  version "1.0.26"
  resolved "https://registry.yarnpkg.com/@cspell/dict-elixir/-/dict-elixir-1.0.26.tgz#dd86697b351a9c74a7d033b6f2d37a5088587aa6"
  integrity sha512-hz1yETUiRJM7yjN3mITSnxcmZaEyaBbyJhpZPpg+cKUil+xhHeZ2wwfbRc83QHGmlqEuDWbdCFqKSpCDJYpYhg==

"@cspell/dict-en-gb@^1.1.33":
  version "1.1.33"
  resolved "https://registry.yarnpkg.com/@cspell/dict-en-gb/-/dict-en-gb-1.1.33.tgz#7f1fd90fc364a5cb77111b5438fc9fcf9cc6da0e"
  integrity sha512-tKSSUf9BJEV+GJQAYGw5e+ouhEe2ZXE620S7BLKe3ZmpnjlNG9JqlnaBhkIMxKnNFkLY2BP/EARzw31AZnOv4g==

"@cspell/dict-en_us@^2.1.4":
  version "2.1.4"
  resolved "https://registry.yarnpkg.com/@cspell/dict-en_us/-/dict-en_us-2.1.4.tgz#be68ed8601dd84d41a40a1fee23b521d3b60e688"
  integrity sha512-W4b+aIvZ637FqtTmrTe/T9i9748cuTQf82eWUgV9O296WzZj7rCxm+rzOrmRTAcCmU+9+6Cdsr0unETFQfuxww==

"@cspell/dict-filetypes@^2.0.1":
  version "2.0.1"
  resolved "https://registry.yarnpkg.com/@cspell/dict-filetypes/-/dict-filetypes-2.0.1.tgz#a77467dad8fee31c28d623f85a15ce6fca3e2fdc"
  integrity sha512-bQ7K3U/3hKO2lpQjObf0veNP/n50qk5CVezSwApMBckf/sAVvDTR1RGAvYdr+vdQnkdQrk6wYmhbshXi0sLDVg==

"@cspell/dict-fonts@^1.0.14":
  version "1.0.14"
  resolved "https://registry.yarnpkg.com/@cspell/dict-fonts/-/dict-fonts-1.0.14.tgz#7b18129910d30bd23cd9187d0c0009dfc3fef4ba"
  integrity sha512-VhIX+FVYAnqQrOuoFEtya6+H72J82cIicz9QddgknsTqZQ3dvgp6lmVnsQXPM3EnzA8n1peTGpLDwHzT7ociLA==

"@cspell/dict-fullstack@^2.0.4":
  version "2.0.4"
  resolved "https://registry.yarnpkg.com/@cspell/dict-fullstack/-/dict-fullstack-2.0.4.tgz#d7d1c80863d9fd9bda51346edcc5a72de2cf81b4"
  integrity sha512-+JtYO58QAXnetRN+MGVzI8YbkbFTLpYfl/Cw/tmNqy7U1IDVC4sTXQ2pZvbbeKQWFHBqYvBs0YASV+mTouXYBw==

"@cspell/dict-golang@^1.1.24":
  version "1.1.24"
  resolved "https://registry.yarnpkg.com/@cspell/dict-golang/-/dict-golang-1.1.24.tgz#3830812aec816eca46a6d793fcc7710c09d4f5b9"
  integrity sha512-qq3Cjnx2U1jpeWAGJL1GL0ylEhUMqyaR36Xij6Y6Aq4bViCRp+HRRqk0x5/IHHbOrti45h3yy7ii1itRFo+Xkg==

"@cspell/dict-haskell@^1.0.13":
  version "1.0.13"
  resolved "https://registry.yarnpkg.com/@cspell/dict-haskell/-/dict-haskell-1.0.13.tgz#bd159ef474ef427757dd4bc6a66cda977946c927"
  integrity sha512-kvl8T84cnYRPpND/P3D86P6WRSqebsbk0FnMfy27zo15L5MLAb3d3MOiT1kW3vEWfQgzUD7uddX/vUiuroQ8TA==

"@cspell/dict-html-symbol-entities@^1.0.23":
  version "1.0.23"
  resolved "https://registry.yarnpkg.com/@cspell/dict-html-symbol-entities/-/dict-html-symbol-entities-1.0.23.tgz#0efbdbc7712c9fbe545e14acac637226ac948f2d"
  integrity sha512-PV0UBgcBFbBLf/m1wfkVMM8w96kvfHoiCGLWO6BR3Q9v70IXoE4ae0+T+f0CkxcEkacMqEQk/I7vuE9MzrjaNw==

"@cspell/dict-html@^1.1.9":
  version "1.1.9"
  resolved "https://registry.yarnpkg.com/@cspell/dict-html/-/dict-html-1.1.9.tgz#e506ca550ffcdad820ba0aa157a48be869f23bf2"
  integrity sha512-vvnYia0tyIS5Fdoz+gEQm77MGZZE66kOJjuNpIYyRHCXFAhWdYz3SmkRm6YKJSWSvuO+WBJYTKDvkOxSh3Fx/w==

"@cspell/dict-java@^1.0.23":
  version "1.0.23"
  resolved "https://registry.yarnpkg.com/@cspell/dict-java/-/dict-java-1.0.23.tgz#ec95ff2f2c34d5e8e08ba817980b37e387e608cb"
  integrity sha512-LcOg9srYLDoNGd8n3kbfDBlZD+LOC9IVcnFCdua1b/luCHNVmlgBx7e677qPu7olpMYOD5TQIVW2OmM1+/6MFA==

"@cspell/dict-latex@^1.0.25":
  version "1.0.25"
  resolved "https://registry.yarnpkg.com/@cspell/dict-latex/-/dict-latex-1.0.25.tgz#6ecf5b8b8fdf46cb8a0f070052dd687e25089e59"
  integrity sha512-cEgg91Migqcp1SdVV7dUeMxbPDhxdNo6Fgq2eygAXQjIOFK520FFvh/qxyBvW90qdZbIRoU2AJpchyHfGuwZFA==

"@cspell/dict-lorem-ipsum@^1.0.22":
  version "1.0.22"
  resolved "https://registry.yarnpkg.com/@cspell/dict-lorem-ipsum/-/dict-lorem-ipsum-1.0.22.tgz#a89f53dadda7d5bfdb978ab61f19d74d2fb69eab"
  integrity sha512-yqzspR+2ADeAGUxLTfZ4pXvPl7FmkENMRcGDECmddkOiuEwBCWMZdMP5fng9B0Q6j91hQ8w9CLvJKBz10TqNYg==

"@cspell/dict-lua@^1.0.16":
  version "1.0.16"
  resolved "https://registry.yarnpkg.com/@cspell/dict-lua/-/dict-lua-1.0.16.tgz#c0ca43628f8927fc10731fd27cd9ee0af651bf6a"
  integrity sha512-YiHDt8kmHJ8nSBy0tHzaxiuitYp+oJ66ffCYuFWTNB3//Y0SI4OGHU3omLsQVeXIfCeVrO4DrVvRDoCls9B5zQ==

"@cspell/dict-node@^1.0.12":
  version "1.0.12"
  resolved "https://registry.yarnpkg.com/@cspell/dict-node/-/dict-node-1.0.12.tgz#a7236be30340ff8fe365f62c8d13121fdbe7f51c"
  integrity sha512-RPNn/7CSkflAWk0sbSoOkg0ORrgBARUjOW3QjB11KwV1gSu8f5W/ij/S50uIXtlrfoBLqd4OyE04jyON+g/Xfg==

"@cspell/dict-npm@^1.0.16":
  version "1.0.16"
  resolved "https://registry.yarnpkg.com/@cspell/dict-npm/-/dict-npm-1.0.16.tgz#86870686cd0af6354a206ab297872db1d84e9c1b"
  integrity sha512-RwkuZGcYBxL3Yux3cSG/IOWGlQ1e9HLCpHeyMtTVGYKAIkFAVUnGrz20l16/Q7zUG7IEktBz5O42kAozrEnqMQ==

"@cspell/dict-php@^1.0.25":
  version "1.0.25"
  resolved "https://registry.yarnpkg.com/@cspell/dict-php/-/dict-php-1.0.25.tgz#b065314c43b668b982356de59986e10fc26bc390"
  integrity sha512-RoBIP5MRdByyPaXcznZMfOY1JdCMYPPLua5E9gkq0TJO7bX5mC9hyAKfYBSWVQunZydd82HZixjb5MPkDFU1uw==

"@cspell/dict-powershell@^1.0.19":
  version "1.0.19"
  resolved "https://registry.yarnpkg.com/@cspell/dict-powershell/-/dict-powershell-1.0.19.tgz#b50d14b3b20e33f86b80318ccd7ef986ecba2549"
  integrity sha512-zF/raM/lkhXeHf4I43OtK0gP9rBeEJFArscTVwLWOCIvNk21MJcNoTYoaGw+c056+Q+hJL0psGLO7QN+mxYH1A==

"@cspell/dict-public-licenses@^1.0.4":
  version "1.0.4"
  resolved "https://registry.yarnpkg.com/@cspell/dict-public-licenses/-/dict-public-licenses-1.0.4.tgz#13c2af357e7139bf3896eba58e0feb9f51053b3f"
  integrity sha512-h4xULfVEDUeWyvp1OO19pcGDqWcBEQ7WGMp3QBHyYpjsamlzsyYYjCRSY2ZvpM7wruDmywSRFmRHJ/+uNFT7nA==

"@cspell/dict-python@^2.0.5":
  version "2.0.5"
  resolved "https://registry.yarnpkg.com/@cspell/dict-python/-/dict-python-2.0.5.tgz#eebe6f53a8b5f29addd963951a701a7afedfe6b0"
  integrity sha512-WkyGYtNmUsOHsWixck7AxNvveDgVPqw0H51hzIY+/5u3c94wZUweIj0vfFOGIfOBq8e1ZxpjumKBxVDGXTmQkw==

"@cspell/dict-ruby@^1.0.15":
  version "1.0.15"
  resolved "https://registry.yarnpkg.com/@cspell/dict-ruby/-/dict-ruby-1.0.15.tgz#5da9f54d97deed31cc35772502282b45b20e7aa7"
  integrity sha512-I76hJA///lc1pgmDTGUFHN/O8KLIZIU/8TgIYIGI6Ix/YzSEvWNdQYbANn6JbCynS0X+7IbZ2Ft+QqvmGtIWuA==

"@cspell/dict-rust@^1.0.23":
  version "1.0.23"
  resolved "https://registry.yarnpkg.com/@cspell/dict-rust/-/dict-rust-1.0.23.tgz#bcef79f74932d90a07f86efa11a8696788079ad8"
  integrity sha512-lR4boDzs79YD6+30mmiSGAMMdwh7HTBAPUFSB0obR3Kidibfc3GZ+MHWZXay5dxZ4nBKM06vyjtanF9VJ8q1Iw==

"@cspell/dict-scala@^1.0.21":
  version "1.0.21"
  resolved "https://registry.yarnpkg.com/@cspell/dict-scala/-/dict-scala-1.0.21.tgz#bfda392329061e2352fbcd33d228617742c93831"
  integrity sha512-5V/R7PRbbminTpPS3ywgdAalI9BHzcEjEj9ug4kWYvBIGwSnS7T6QCFCiu+e9LvEGUqQC+NHgLY4zs1NaBj2vA==

"@cspell/dict-software-terms@^2.0.11":
  version "2.0.11"
  resolved "https://registry.yarnpkg.com/@cspell/dict-software-terms/-/dict-software-terms-2.0.11.tgz#ab30766465e4c5ad8c0179961138456f2eab61b7"
  integrity sha512-ix5k4m9Y5ZcozgE8QdEhiMIksreGozBETsCo5tGKAs4xDDkS4G07lOMFbek6m5poJ5qk5My0A/iz1j9f3L3aOg==

"@cspell/dict-swift@^1.0.1":
  version "1.0.1"
  resolved "https://registry.yarnpkg.com/@cspell/dict-swift/-/dict-swift-1.0.1.tgz#e289680bf79538096eb7c36b21aeb97e97fdd9fc"
  integrity sha512-M4onLt10Ptld8Q1BwBit8BBYVZ0d2ZEiBTW1AXekIVPQkPKkwa/RkGlR0GESWNTC2Zbmt/qge7trksVdaYVWFQ==

"@cspell/dict-typescript@^1.0.19":
  version "1.0.19"
  resolved "https://registry.yarnpkg.com/@cspell/dict-typescript/-/dict-typescript-1.0.19.tgz#44f3ad1c93ffc89ebf98fa6964e1634e6612fc30"
  integrity sha512-qmJApzoVskDeJnLZzZMaafEDGbEg5Elt4c3Mpg49SWzIHm1N4VXCp5CcFfHsOinJ30dGrs3ARAJGJZIw56kK6A==

"@cspell/dict-vue@^2.0.1":
  version "2.0.1"
  resolved "https://registry.yarnpkg.com/@cspell/dict-vue/-/dict-vue-2.0.1.tgz#7514875f760ae755d2a6ef1fd00917d107682fe1"
  integrity sha512-n9So2C2Zw+uSDRzb2h9wq3PjZBqoHx+vBvu6a34H2qpumNjZ6HaEronrzX5tXJJXzOtocIQYrLxdd128TAU3+g==

"@types/parse-json@^4.0.0":
  version "4.0.0"
  resolved "https://registry.yarnpkg.com/@types/parse-json/-/parse-json-4.0.0.tgz#2f8bb441434d163b35fb8ffdccd7138927ffb8c0"
  integrity sha512-//oorEZjL6sbPcKUaCdIGlIUeH26mgzimjBB77G6XRgnDl/L5wOnpyBGRe/Mmf5CVW3PwEBE1NjiMZ/ssFh4wA==

ansi-regex@^5.0.1:
  version "5.0.1"
  resolved "https://registry.yarnpkg.com/ansi-regex/-/ansi-regex-5.0.1.tgz#082cb2c89c9fe8659a311a53bd6a4dc5301db304"
  integrity sha512-quJQXlTSUGL2LH9SUXo8VwsY4soanhgo6LNSm84E1LBcE8s3O0wpdiRzyR9z/ZZJMlMWv37qOOb9pdJlMUEKFQ==

ansi-styles@^3.2.1:
  version "3.2.1"
  resolved "https://registry.yarnpkg.com/ansi-styles/-/ansi-styles-3.2.1.tgz#41fbb20243e50b12be0f04b8dedbf07520ce841d"
  integrity sha512-VT0ZI6kZRdTh8YyJw3SMbYm/u+NqfsAxEpWO0Pf9sq8/e94WxxOpPKx9FR1FlyCtOVDNOQ+8ntlqFxiRc+r5qA==
  dependencies:
    color-convert "^1.9.0"

ansi-styles@^4.1.0:
  version "4.3.0"
  resolved "https://registry.yarnpkg.com/ansi-styles/-/ansi-styles-4.3.0.tgz#edd803628ae71c04c85ae7a0906edad34b648937"
  integrity sha512-zbB9rCJAT1rbjiVDb2hqKFHNYLxgtk8NURxZ3IZwD3F6NtxbXZQCnnSi1Lkx+IDohdPlFp222wVALIheZJQSEg==
  dependencies:
    color-convert "^2.0.1"

argparse@^2.0.1:
  version "2.0.1"
  resolved "https://registry.yarnpkg.com/argparse/-/argparse-2.0.1.tgz#246f50f3ca78a3240f6c997e8a9bd1eac49e4b38"
  integrity sha512-8+9WqebbFzpX9OR+Wa6O29asIogeRMzcGtAINdpMHHyAg10f05aSFVBbcEqGf/PXw1EjAZ+q2/bEBg3DvurK3Q==

array-timsort@^1.0.3:
  version "1.0.3"
  resolved "https://registry.yarnpkg.com/array-timsort/-/array-timsort-1.0.3.tgz#3c9e4199e54fb2b9c3fe5976396a21614ef0d926"
  integrity sha512-/+3GRL7dDAGEfM6TseQk/U+mi18TU2Ms9I3UlLdUMhz2hbvGNTKdj9xniwXfUqgYhHxRx0+8UnKkvlNwVU+cWQ==

balanced-match@^1.0.0:
  version "1.0.2"
  resolved "https://registry.yarnpkg.com/balanced-match/-/balanced-match-1.0.2.tgz#e83e3a7e3f300b34cb9d87f615fa0cbf357690ee"
  integrity sha512-3oSeUO0TMV67hN1AmbXsK4yaqU7tjiHlbxRDZOpH0KW9+CeX4bRAaX0Anxt0tx2MrpRpWwQaPwIlISEJhYU5Pw==

brace-expansion@^1.1.7:
  version "1.1.11"
  resolved "https://registry.yarnpkg.com/brace-expansion/-/brace-expansion-1.1.11.tgz#3c7fcbf529d87226f3d2f52b966ff5271eb441dd"
  integrity sha512-iCuPHDFgrHX7H2vEI/5xpz07zSHB00TpugqhmYtVmMO6518mCuRMoOYFldEBl0g187ufozdaHgWKcYFb61qGiA==
  dependencies:
    balanced-match "^1.0.0"
    concat-map "0.0.1"

braces@^3.0.1:
  version "3.0.2"
  resolved "https://registry.yarnpkg.com/braces/-/braces-3.0.2.tgz#3454e1a462ee8d599e236df336cd9ea4f8afe107"
  integrity sha512-b8um+L1RzM3WDSzvhm6gIz1yfTbBt6YTlcEKAvsmqCZZFw46z626lVj9j1yEPW33H5H+lBQpZMP1k8l+78Ha0A==
  dependencies:
    fill-range "^7.0.1"

callsites@^3.0.0, callsites@^3.1.0:
  version "3.1.0"
  resolved "https://registry.yarnpkg.com/callsites/-/callsites-3.1.0.tgz#b3630abd8943432f54b3f0519238e33cd7df2f73"
  integrity sha512-P8BjAsXvZS+VIDUI11hHCQEv74YT67YUi5JJFNWIqL235sBmjX4+qx9Muvls5ivyNENctx46xQLQ3aTuE7ssaQ==

chalk@^2.0.0:
  version "2.4.2"
  resolved "https://registry.yarnpkg.com/chalk/-/chalk-2.4.2.tgz#cd42541677a54333cf541a49108c1432b44c9424"
  integrity sha512-Mti+f9lpJNcwF4tWV8/OrTTtF1gZi+f8FqlyAdouralcFWFQWF2+NgCHShjkCb+IFBLq9buZwE1xckQU4peSuQ==
  dependencies:
    ansi-styles "^3.2.1"
    escape-string-regexp "^1.0.5"
    supports-color "^5.3.0"

chalk@^4.1.2:
  version "4.1.2"
  resolved "https://registry.yarnpkg.com/chalk/-/chalk-4.1.2.tgz#aac4e2b7734a740867aeb16bf02aad556a1e7a01"
  integrity sha512-oKnbhFyRIXpUuez8iBMmyEa4nbj4IOQyuhc/wy9kY7/WVPcwIO9VA668Pu8RkO7+0G76SLROeyw9CpQ061i4mA==
  dependencies:
    ansi-styles "^4.1.0"
    supports-color "^7.1.0"

clear-module@^4.1.2:
  version "4.1.2"
  resolved "https://registry.yarnpkg.com/clear-module/-/clear-module-4.1.2.tgz#5a58a5c9f8dccf363545ad7284cad3c887352a80"
  integrity sha512-LWAxzHqdHsAZlPlEyJ2Poz6AIs384mPeqLVCru2p0BrP9G/kVGuhNyZYClLO6cXlnuJjzC8xtsJIuMjKqLXoAw==
  dependencies:
    parent-module "^2.0.0"
    resolve-from "^5.0.0"

color-convert@^1.9.0:
  version "1.9.3"
  resolved "https://registry.yarnpkg.com/color-convert/-/color-convert-1.9.3.tgz#bb71850690e1f136567de629d2d5471deda4c1e8"
  integrity sha512-QfAUtd+vFdAtFQcC8CCyYt1fYWxSqAiK2cSD6zDB8N3cpsEBAvRxp9zOGg6G/SHHJYAT88/az/IuDGALsNVbGg==
  dependencies:
    color-name "1.1.3"

color-convert@^2.0.1:
  version "2.0.1"
  resolved "https://registry.yarnpkg.com/color-convert/-/color-convert-2.0.1.tgz#72d3a68d598c9bdb3af2ad1e84f21d896abd4de3"
  integrity sha512-RRECPsj7iu/xb5oKYcsFHSppFNnsj/52OVTRKb4zP5onXwVF3zVmmToNcOfGC+CRDpfK/U584fMg38ZHCaElKQ==
  dependencies:
    color-name "~1.1.4"

color-name@1.1.3:
  version "1.1.3"
  resolved "https://registry.yarnpkg.com/color-name/-/color-name-1.1.3.tgz#a7d0558bd89c42f795dd42328f740831ca53bc25"
  integrity sha1-p9BVi9icQveV3UIyj3QIMcpTvCU=

color-name@~1.1.4:
  version "1.1.4"
  resolved "https://registry.yarnpkg.com/color-name/-/color-name-1.1.4.tgz#c2a09a87acbde69543de6f63fa3995c826c536a2"
  integrity sha512-dOy+3AuW3a2wNbZHIuMZpTcgjGuLU/uBL/ubcZF9OXbDo8ff4O8yVp5Bf0efS8uEoYo5q4Fx7dY9OgQGXgAsQA==

commander@^8.3.0, commander@~8.3.0:
  version "8.3.0"
  resolved "https://registry.yarnpkg.com/commander/-/commander-8.3.0.tgz#4837ea1b2da67b9c616a67afbb0fafee567bca66"
  integrity sha512-OkTL9umf+He2DZkUq8f8J9of7yL6RJKI24dVITBmNfZBmri9zYZQrKkuXiKhyfPSu8tUhnVBB1iKXevvnlR4Ww==

comment-json@^4.1.1:
  version "4.1.1"
  resolved "https://registry.yarnpkg.com/comment-json/-/comment-json-4.1.1.tgz#49df4948704bebb1cc0ffa6910e25669b668b7c5"
  integrity sha512-v8gmtPvxhBlhdRBLwdHSjGy9BgA23t9H1FctdQKyUrErPjSrJcdDMqBq9B4Irtm7w3TNYLQJNH6ARKnpyag1sA==
  dependencies:
    array-timsort "^1.0.3"
    core-util-is "^1.0.2"
    esprima "^4.0.1"
    has-own-prop "^2.0.0"
    repeat-string "^1.6.1"

concat-map@0.0.1:
  version "0.0.1"
  resolved "https://registry.yarnpkg.com/concat-map/-/concat-map-0.0.1.tgz#d8a96bd77fd68df7793a73036a3ba0d5405d477b"
  integrity sha1-2Klr13/Wjfd5OnMDajug1UBdR3s=

configstore@^5.0.1:
  version "5.0.1"
  resolved "https://registry.yarnpkg.com/configstore/-/configstore-5.0.1.tgz#d365021b5df4b98cdd187d6a3b0e3f6a7cc5ed96"
  integrity sha512-aMKprgk5YhBNyH25hj8wGt2+D52Sw1DRRIzqBwLp2Ya9mFmY8KPvvtvmna8SxVR9JMZ4kzMD68N22vlaRpkeFA==
  dependencies:
    dot-prop "^5.2.0"
    graceful-fs "^4.1.2"
    make-dir "^3.0.0"
    unique-string "^2.0.0"
    write-file-atomic "^3.0.0"
    xdg-basedir "^4.0.0"

core-util-is@^1.0.2:
  version "1.0.2"
  resolved "https://registry.yarnpkg.com/core-util-is/-/core-util-is-1.0.2.tgz#b5fd54220aa2bc5ab57aab7140c940754503c1a7"
  integrity sha1-tf1UIgqivFq1eqtxQMlAdUUDwac=

cosmiconfig@^7.0.1:
  version "7.0.1"
  resolved "https://registry.yarnpkg.com/cosmiconfig/-/cosmiconfig-7.0.1.tgz#714d756522cace867867ccb4474c5d01bbae5d6d"
  integrity sha512-a1YWNUV2HwGimB7dU2s1wUMurNKjpx60HxBB6xUM8Re+2s1g1IIfJvFR0/iCF+XHdE0GMTKTuLR32UQff4TEyQ==
  dependencies:
    "@types/parse-json" "^4.0.0"
    import-fresh "^3.2.1"
    parse-json "^5.0.0"
    path-type "^4.0.0"
    yaml "^1.10.0"

crypto-random-string@^2.0.0:
  version "2.0.0"
  resolved "https://registry.yarnpkg.com/crypto-random-string/-/crypto-random-string-2.0.0.tgz#ef2a7a966ec11083388369baa02ebead229b30d5"
  integrity sha512-v1plID3y9r/lPhviJ1wrXpLeyUIGAZ2SHNYTEapm7/8A9nLPoyvVp3RK/EPFqn5kEznyWgYZNsRtYYIWbuG8KA==

cspell-gitignore@^5.13.3:
  version "5.13.3"
  resolved "https://registry.yarnpkg.com/cspell-gitignore/-/cspell-gitignore-5.13.3.tgz#e5486b22d1b685dba4f7962913ec60ce57059d30"
  integrity sha512-/x8C9v0WINmyD6rgyX3OByN7lVgk1EIt0AGfYZXcVgx6iCpvBNyz8It1l3kaCEw5OPWyHvCEGeL8cy53y2dZxQ==
  dependencies:
    cspell-glob "^5.13.3"
    find-up "^5.0.0"

cspell-glob@^5.13.3:
  version "5.13.3"
  resolved "https://registry.yarnpkg.com/cspell-glob/-/cspell-glob-5.13.3.tgz#bd4472160dafb660313557b9ccab55168a956994"
  integrity sha512-9g1/AJs7ws1tLDXFJwcePhmab3wxrWbxEZVfmJIHhawp9rWc+cU6BZFdxJJ52EHClKa+DuKJxYsyohE1ctD9rA==
  dependencies:
    micromatch "^4.0.4"

cspell-io@^5.13.3:
  version "5.13.3"
  resolved "https://registry.yarnpkg.com/cspell-io/-/cspell-io-5.13.3.tgz#07ac34bb4708921272e700bc34a227bbf6545f31"
  integrity sha512-4OwpSprgaUc8yZGWHUBiy5Uv528gmk7wMai6c2ZQOd8HEOkIoxWIjCVnOEYHsXBflhcrvSPxirwcsLOcGU2bkQ==

cspell-lib@^5.13.3:
  version "5.13.3"
  resolved "https://registry.yarnpkg.com/cspell-lib/-/cspell-lib-5.13.3.tgz#2546637725a32e945c6f20341438aa86cce39afc"
  integrity sha512-X4GkrxhMkNTH+H+irHHL2GluwQHhR3G0/5+bF/KOYtZ4Ypi2iVYkzcxB3xPmaeM82+NHyoNu/TU5I1jspt4GSg==
  dependencies:
    "@cspell/cspell-bundled-dicts" "^5.13.3"
    "@cspell/cspell-types" "^5.13.3"
    clear-module "^4.1.2"
    comment-json "^4.1.1"
    configstore "^5.0.1"
    cosmiconfig "^7.0.1"
    cspell-glob "^5.13.3"
    cspell-io "^5.13.3"
    cspell-trie-lib "^5.13.3"
    find-up "^5.0.0"
    fs-extra "^10.0.0"
    gensequence "^3.1.1"
    import-fresh "^3.3.0"
    resolve-from "^5.0.0"
    resolve-global "^1.0.0"
    vscode-uri "^3.0.2"

cspell-trie-lib@^5.13.3:
  version "5.13.3"
  resolved "https://registry.yarnpkg.com/cspell-trie-lib/-/cspell-trie-lib-5.13.3.tgz#599edfc2f935a407317dc08e18f70deb41e74bb5"
  integrity sha512-CbydOTo7u/XxBn2tyWwIkl/KQ8ikLT4TSBM2M/3e7pZMtbAKGlV2L8P0M77mHbz5HrlL+pqrU/Ywk7TwoXmKNQ==
  dependencies:
    fs-extra "^10.0.0"
    gensequence "^3.1.1"

cspell@^5.13.3:
  version "5.13.3"
  resolved "https://registry.yarnpkg.com/cspell/-/cspell-5.13.3.tgz#5fdf2d7f22926d87daedf3c8ac04a492be845a60"
  integrity sha512-14RzCLHadT2BFcTEhEJUiwW4m8vVNnBXGBPnnEYkFiF2MyJEtfyOoqqVxqDHOvwVmc0zKIiAU0ZrG98spWuNnA==
  dependencies:
    chalk "^4.1.2"
    commander "^8.3.0"
    comment-json "^4.1.1"
    cspell-gitignore "^5.13.3"
    cspell-glob "^5.13.3"
    cspell-lib "^5.13.3"
    fast-json-stable-stringify "^2.1.0"
    file-entry-cache "^6.0.1"
    fs-extra "^10.0.0"
    get-stdin "^8.0.0"
    glob "^7.2.0"
    imurmurhash "^0.1.4"
    strip-ansi "^6.0.1"
    vscode-uri "^3.0.2"

deep-extend@^0.6.0, deep-extend@~0.6.0:
  version "0.6.0"
  resolved "https://registry.yarnpkg.com/deep-extend/-/deep-extend-0.6.0.tgz#c4fa7c95404a17a9c3e8ca7e1537312b736330ac"
  integrity sha512-LOHxIOaPYdHlJRtCQfDIVZtfw/ufM8+rVj649RIHzcm/vGwQRXFt6OPqIFWsm2XEMrNIEtWR64sY1LEKD2vAOA==

dot-prop@^5.2.0:
  version "5.3.0"
  resolved "https://registry.yarnpkg.com/dot-prop/-/dot-prop-5.3.0.tgz#90ccce708cd9cd82cc4dc8c3ddd9abdd55b20e88"
  integrity sha512-QM8q3zDe58hqUqjraQOmzZ1LIH9SWQJTlEKCH4kJ2oQvLZk7RbQXvtDM2XEq3fwkV9CCvvH4LA0AV+ogFsBM2Q==
  dependencies:
    is-obj "^2.0.0"

entities@~2.1.0:
  version "2.1.0"
  resolved "https://registry.yarnpkg.com/entities/-/entities-2.1.0.tgz#992d3129cf7df6870b96c57858c249a120f8b8b5"
  integrity sha512-hCx1oky9PFrJ611mf0ifBLBRW8lUUVRlFolb5gWRfIELabBlbp9xZvrqZLZAs+NxFnbfQoeGd8wDkygjg7U85w==

error-ex@^1.3.1:
  version "1.3.2"
  resolved "https://registry.yarnpkg.com/error-ex/-/error-ex-1.3.2.tgz#b4ac40648107fdcdcfae242f428bea8a14d4f1bf"
  integrity sha512-7dFHNmqeFSEt2ZBsCriorKnn3Z2pj+fd9kmI6QoWw4//DL+icEBfc0U7qJCisqrTsKTjw4fNFy2pW9OqStD84g==
  dependencies:
    is-arrayish "^0.2.1"

escape-string-regexp@^1.0.5:
  version "1.0.5"
  resolved "https://registry.yarnpkg.com/escape-string-regexp/-/escape-string-regexp-1.0.5.tgz#1b61c0562190a8dff6ae3bb2cf0200ca130b86d4"
  integrity sha1-G2HAViGQqN/2rjuyzwIAyhMLhtQ=

esprima@^4.0.1:
  version "4.0.1"
  resolved "https://registry.yarnpkg.com/esprima/-/esprima-4.0.1.tgz#13b04cdb3e6c5d19df91ab6987a8695619b0aa71"
  integrity sha512-eGuFFw7Upda+g4p+QHvnW0RyTX/SVeJBDM/gCtMARO0cLuT2HcEKnTPvhjV6aGeqrCB/sbNop0Kszm0jsaWU4A==

fast-json-stable-stringify@^2.1.0:
  version "2.1.0"
  resolved "https://registry.yarnpkg.com/fast-json-stable-stringify/-/fast-json-stable-stringify-2.1.0.tgz#874bf69c6f404c2b5d99c481341399fd55892633"
  integrity sha512-lhd/wF+Lk98HZoTCtlVraHtfh5XYijIjalXck7saUtuanSDyLMxnHhSXEDJqHxD7msR8D0uCmqlkwjCV8xvwHw==

file-entry-cache@^6.0.1:
  version "6.0.1"
  resolved "https://registry.yarnpkg.com/file-entry-cache/-/file-entry-cache-6.0.1.tgz#211b2dd9659cb0394b073e7323ac3c933d522027"
  integrity sha512-7Gps/XWymbLk2QLYK4NzpMOrYjMhdIxXuIvy2QBsLE6ljuodKvdkWs/cpyJJ3CVIVpH0Oi1Hvg1ovbMzLdFBBg==
  dependencies:
    flat-cache "^3.0.4"

fill-range@^7.0.1:
  version "7.0.1"
  resolved "https://registry.yarnpkg.com/fill-range/-/fill-range-7.0.1.tgz#1919a6a7c75fe38b2c7c77e5198535da9acdda40"
  integrity sha512-qOo9F+dMUmC2Lcb4BbVvnKJxTPjCm+RRpe4gDuGrzkL7mEVl/djYSu2OdQ2Pa302N4oqkSg9ir6jaLWJ2USVpQ==
  dependencies:
    to-regex-range "^5.0.1"

find-up@^5.0.0:
  version "5.0.0"
  resolved "https://registry.yarnpkg.com/find-up/-/find-up-5.0.0.tgz#4c92819ecb7083561e4f4a240a86be5198f536fc"
  integrity sha512-78/PXT1wlLLDgTzDs7sjq9hzz0vXD+zn+7wypEe4fXQxCmdmqfGsEPQxmiCSQI3ajFV91bVSsvNtrJRiW6nGng==
  dependencies:
    locate-path "^6.0.0"
    path-exists "^4.0.0"

flat-cache@^3.0.4:
  version "3.0.4"
  resolved "https://registry.yarnpkg.com/flat-cache/-/flat-cache-3.0.4.tgz#61b0338302b2fe9f957dcc32fc2a87f1c3048b11"
  integrity sha512-dm9s5Pw7Jc0GvMYbshN6zchCA9RgQlzzEZX3vylR9IqFfS8XciblUXOKfW6SiuJ0e13eDYZoZV5wdrev7P3Nwg==
  dependencies:
    flatted "^3.1.0"
    rimraf "^3.0.2"

flatted@^3.1.0:
  version "3.2.2"
  resolved "https://registry.yarnpkg.com/flatted/-/flatted-3.2.2.tgz#64bfed5cb68fe3ca78b3eb214ad97b63bedce561"
  integrity sha512-JaTY/wtrcSyvXJl4IMFHPKyFur1sE9AUqc0QnhOaJ0CxHtAoIV8pYDzeEfAaNEtGkOfq4gr3LBFmdXW5mOQFnA==

fs-extra@^10.0.0:
  version "10.0.0"
  resolved "https://registry.yarnpkg.com/fs-extra/-/fs-extra-10.0.0.tgz#9ff61b655dde53fb34a82df84bb214ce802e17c1"
  integrity sha512-C5owb14u9eJwizKGdchcDUQeFtlSHHthBk8pbX9Vc1PFZrLombudjDnNns88aYslCyF6IY5SUw3Roz6xShcEIQ==
  dependencies:
    graceful-fs "^4.2.0"
    jsonfile "^6.0.1"
    universalify "^2.0.0"

fs.realpath@^1.0.0:
  version "1.0.0"
  resolved "https://registry.yarnpkg.com/fs.realpath/-/fs.realpath-1.0.0.tgz#1504ad2523158caa40db4a2787cb01411994ea4f"
  integrity sha1-FQStJSMVjKpA20onh8sBQRmU6k8=

gensequence@^3.1.1:
  version "3.1.1"
  resolved "https://registry.yarnpkg.com/gensequence/-/gensequence-3.1.1.tgz#95c1afc7c0680f92942c17f2d6f83f3d26ea97af"
  integrity sha512-ys3h0hiteRwmY6BsvSttPmkhC0vEQHPJduANBRtH/dlDPZ0UBIb/dXy80IcckXyuQ6LKg+PloRqvGER9IS7F7g==

get-stdin@^8.0.0, get-stdin@~8.0.0:
  version "8.0.0"
  resolved "https://registry.yarnpkg.com/get-stdin/-/get-stdin-8.0.0.tgz#cbad6a73feb75f6eeb22ba9e01f89aa28aa97a53"
  integrity sha512-sY22aA6xchAzprjyqmSEQv4UbAAzRN0L2dQB0NlN5acTTK9Don6nhoc3eAbUnpZiCANAMfd/+40kVdKfFygohg==

glob@^7.1.3, glob@^7.2.0, glob@~7.2.0:
  version "7.2.0"
  resolved "https://registry.yarnpkg.com/glob/-/glob-7.2.0.tgz#d15535af7732e02e948f4c41628bd910293f6023"
  integrity sha512-lmLf6gtyrPq8tTjSmrO94wBeQbFR3HbLHbuyD69wuyQkImp2hWqMGB47OX65FBkPffO641IP9jWa1z4ivqG26Q==
  dependencies:
    fs.realpath "^1.0.0"
    inflight "^1.0.4"
    inherits "2"
    minimatch "^3.0.4"
    once "^1.3.0"
    path-is-absolute "^1.0.0"

global-dirs@^0.1.1:
  version "0.1.1"
  resolved "https://registry.yarnpkg.com/global-dirs/-/global-dirs-0.1.1.tgz#b319c0dd4607f353f3be9cca4c72fc148c49f445"
  integrity sha1-sxnA3UYH81PzvpzKTHL8FIxJ9EU=
  dependencies:
    ini "^1.3.4"

graceful-fs@^4.1.2, graceful-fs@^4.1.6, graceful-fs@^4.2.0:
  version "4.2.6"
  resolved "https://registry.yarnpkg.com/graceful-fs/-/graceful-fs-4.2.6.tgz#ff040b2b0853b23c3d31027523706f1885d76bee"
  integrity sha512-nTnJ528pbqxYanhpDYsi4Rd8MAeaBA67+RZ10CM1m3bTAVFEDcd5AuA4a6W5YkGZ1iNXHzZz8T6TBKLeBuNriQ==

has-flag@^3.0.0:
  version "3.0.0"
  resolved "https://registry.yarnpkg.com/has-flag/-/has-flag-3.0.0.tgz#b5d454dc2199ae225699f3467e5a07f3b955bafd"
  integrity sha1-tdRU3CGZriJWmfNGfloH87lVuv0=

has-flag@^4.0.0:
  version "4.0.0"
  resolved "https://registry.yarnpkg.com/has-flag/-/has-flag-4.0.0.tgz#944771fd9c81c81265c4d6941860da06bb59479b"
  integrity sha512-EykJT/Q1KjTWctppgIAgfSO0tKVuZUjhgMr17kqTumMl6Afv3EISleU7qZUzoXDFTAHTDC4NOoG/ZxU3EvlMPQ==

has-own-prop@^2.0.0:
  version "2.0.0"
  resolved "https://registry.yarnpkg.com/has-own-prop/-/has-own-prop-2.0.0.tgz#f0f95d58f65804f5d218db32563bb85b8e0417af"
  integrity sha512-Pq0h+hvsVm6dDEa8x82GnLSYHOzNDt7f0ddFa3FqcQlgzEiptPqL+XrOJNavjOzSYiYWIrgeVYYgGlLmnxwilQ==

ignore@~5.1.9:
  version "5.1.9"
  resolved "https://registry.yarnpkg.com/ignore/-/ignore-5.1.9.tgz#9ec1a5cbe8e1446ec60d4420060d43aa6e7382fb"
  integrity sha512-2zeMQpbKz5dhZ9IwL0gbxSW5w0NK/MSAMtNuhgIHEPmaU3vPdKPL0UdvUCXs5SS4JAwsBxysK5sFMW8ocFiVjQ==

import-fresh@^3.2.1, import-fresh@^3.3.0:
  version "3.3.0"
  resolved "https://registry.yarnpkg.com/import-fresh/-/import-fresh-3.3.0.tgz#37162c25fcb9ebaa2e6e53d5b4d88ce17d9e0c2b"
  integrity sha512-veYYhQa+D1QBKznvhUHxb8faxlrwUnxseDAbAp457E0wLNio2bOSKnjYDhMj+YiAq61xrMGhQk9iXVk5FzgQMw==
  dependencies:
    parent-module "^1.0.0"
    resolve-from "^4.0.0"

imurmurhash@^0.1.4:
  version "0.1.4"
  resolved "https://registry.yarnpkg.com/imurmurhash/-/imurmurhash-0.1.4.tgz#9218b9b2b928a238b13dc4fb6b6d576f231453ea"
  integrity sha1-khi5srkoojixPcT7a21XbyMUU+o=

inflight@^1.0.4:
  version "1.0.6"
  resolved "https://registry.yarnpkg.com/inflight/-/inflight-1.0.6.tgz#49bd6331d7d02d0c09bc910a1075ba8165b56df9"
  integrity sha1-Sb1jMdfQLQwJvJEKEHW6gWW1bfk=
  dependencies:
    once "^1.3.0"
    wrappy "1"

inherits@2:
  version "2.0.4"
  resolved "https://registry.yarnpkg.com/inherits/-/inherits-2.0.4.tgz#0fa2c64f932917c3433a0ded55363aae37416b7c"
  integrity sha512-k/vGaX4/Yla3WzyMCvTQOXYeIHvqOKtnqBduzTHpzpQZzAskKMhZ2K+EnBiSM9zGSoIFeMpXKxa4dYeZIQqewQ==

ini@^1.3.4:
  version "1.3.8"
  resolved "https://registry.yarnpkg.com/ini/-/ini-1.3.8.tgz#a29da425b48806f34767a4efce397269af28432c"
  integrity sha512-JV/yugV2uzW5iMRSiZAyDtQd+nxtUnjeLt0acNdw98kKLrvuRVyB80tsREOE7yvGVgalhZ6RNXCmEHkUKBKxew==

ini@~2.0.0:
  version "2.0.0"
  resolved "https://registry.yarnpkg.com/ini/-/ini-2.0.0.tgz#e5fd556ecdd5726be978fa1001862eacb0a94bc5"
  integrity sha512-7PnF4oN3CvZF23ADhA5wRaYEQpJ8qygSkbtTXWBeXWXmEVRXK+1ITciHWwHhsjv1TmW0MgacIv6hEi5pX5NQdA==

is-arrayish@^0.2.1:
  version "0.2.1"
  resolved "https://registry.yarnpkg.com/is-arrayish/-/is-arrayish-0.2.1.tgz#77c99840527aa8ecb1a8ba697b80645a7a926a9d"
  integrity sha1-d8mYQFJ6qOyxqLppe4BkWnqSap0=

is-number@^7.0.0:
  version "7.0.0"
  resolved "https://registry.yarnpkg.com/is-number/-/is-number-7.0.0.tgz#7535345b896734d5f80c4d06c50955527a14f12b"
  integrity sha512-41Cifkg6e8TylSpdtTpeLVMqvSBEVzTttHvERD741+pnZ8ANv0004MRL43QKPDlK9cGvNp6NZWZUBlbGXYxxng==

is-obj@^2.0.0:
  version "2.0.0"
  resolved "https://registry.yarnpkg.com/is-obj/-/is-obj-2.0.0.tgz#473fb05d973705e3fd9620545018ca8e22ef4982"
  integrity sha512-drqDG3cbczxxEJRoOXcOjtdp1J/lyp1mNn0xaznRs8+muBhgQcrnbspox5X5fOw0HnMnbfDzvnEMEtqDEJEo8w==

is-typedarray@^1.0.0:
  version "1.0.0"
  resolved "https://registry.yarnpkg.com/is-typedarray/-/is-typedarray-1.0.0.tgz#e479c80858df0c1b11ddda6940f96011fcda4a9a"
  integrity sha1-5HnICFjfDBsR3dppQPlgEfzaSpo=

js-tokens@^4.0.0:
  version "4.0.0"
  resolved "https://registry.yarnpkg.com/js-tokens/-/js-tokens-4.0.0.tgz#19203fb59991df98e3a287050d4647cdeaf32499"
  integrity sha512-RdJUflcE3cUzKiMqQgsCu06FPu9UdIJO0beYbPhHN4k6apgJtifcoCtT9bcxOpYBtpD2kCM6Sbzg4CausW/PKQ==

js-yaml@^4.1.0:
  version "4.1.0"
  resolved "https://registry.yarnpkg.com/js-yaml/-/js-yaml-4.1.0.tgz#c1fb65f8f5017901cdd2c951864ba18458a10602"
  integrity sha512-wpxZs9NoxZaJESJGIZTyDEaYpl0FKSA+FB9aJiyemKhMwkxQg63h4T1KJgUGHpTqPDNRcmmYLugrRjJlBtWvRA==
  dependencies:
    argparse "^2.0.1"

json-parse-even-better-errors@^2.3.0:
  version "2.3.1"
  resolved "https://registry.yarnpkg.com/json-parse-even-better-errors/-/json-parse-even-better-errors-2.3.1.tgz#7c47805a94319928e05777405dc12e1f7a4ee02d"
  integrity sha512-xyFwyhro/JEof6Ghe2iz2NcXoj2sloNsWr/XsERDK/oiPCfaNhl5ONfp+jQdAZRQQ0IJWNzH9zIZF7li91kh2w==

jsonc-parser@~3.0.0:
  version "3.0.0"
  resolved "https://registry.yarnpkg.com/jsonc-parser/-/jsonc-parser-3.0.0.tgz#abdd785701c7e7eaca8a9ec8cf070ca51a745a22"
  integrity sha512-fQzRfAbIBnR0IQvftw9FJveWiHp72Fg20giDrHz6TdfB12UH/uue0D3hm57UB5KgAVuniLMCaS8P1IMj9NR7cA==

jsonfile@^6.0.1:
  version "6.1.0"
  resolved "https://registry.yarnpkg.com/jsonfile/-/jsonfile-6.1.0.tgz#bc55b2634793c679ec6403094eb13698a6ec0aae"
  integrity sha512-5dgndWOriYSm5cnYaJNhalLNDKOqFwyDB/rr1E9ZsGciGvKPs8R2xYGCacuf3z6K1YKDz182fd+fY3cn3pMqXQ==
  dependencies:
    universalify "^2.0.0"
  optionalDependencies:
    graceful-fs "^4.1.6"

lines-and-columns@^1.1.6:
  version "1.1.6"
  resolved "https://registry.yarnpkg.com/lines-and-columns/-/lines-and-columns-1.1.6.tgz#1c00c743b433cd0a4e80758f7b64a57440d9ff00"
  integrity sha1-HADHQ7QzzQpOgHWPe2SldEDZ/wA=

linkify-it@^3.0.1:
  version "3.0.2"
  resolved "https://registry.yarnpkg.com/linkify-it/-/linkify-it-3.0.2.tgz#f55eeb8bc1d3ae754049e124ab3bb56d97797fb8"
  integrity sha512-gDBO4aHNZS6coiZCKVhSNh43F9ioIL4JwRjLZPkoLIY4yZFwg264Y5lu2x6rb1Js42Gh6Yqm2f6L2AJcnkzinQ==
  dependencies:
    uc.micro "^1.0.1"

locate-path@^6.0.0:
  version "6.0.0"
  resolved "https://registry.yarnpkg.com/locate-path/-/locate-path-6.0.0.tgz#55321eb309febbc59c4801d931a72452a681d286"
  integrity sha512-iPZK6eYjbxRu3uB4/WZ3EsEIMJFMqAoopl3R+zuq0UjcAm/MO6KCweDgPfP3elTztoKP3KtnVHxTn2NHBSDVUw==
  dependencies:
    p-locate "^5.0.0"

lodash.differencewith@~4.5.0:
  version "4.5.0"
  resolved "https://registry.yarnpkg.com/lodash.differencewith/-/lodash.differencewith-4.5.0.tgz#bafafbc918b55154e179176a00bb0aefaac854b7"
  integrity sha1-uvr7yRi1UVTheRdqALsK76rIVLc=

lodash.flatten@~4.4.0:
  version "4.4.0"
  resolved "https://registry.yarnpkg.com/lodash.flatten/-/lodash.flatten-4.4.0.tgz#f31c22225a9632d2bbf8e4addbef240aa765a61f"
  integrity sha1-8xwiIlqWMtK7+OSt2+8kCqdlph8=

make-dir@^3.0.0:
  version "3.1.0"
  resolved "https://registry.yarnpkg.com/make-dir/-/make-dir-3.1.0.tgz#415e967046b3a7f1d185277d84aa58203726a13f"
  integrity sha512-g3FeP20LNwhALb/6Cz6Dd4F2ngze0jz7tbzrD2wAV+o9FeNHe4rL+yK2md0J/fiSf1sa1ADhXqi5+oVwOM/eGw==
  dependencies:
    semver "^6.0.0"

markdown-it@12.2.0:
  version "12.2.0"
  resolved "https://registry.yarnpkg.com/markdown-it/-/markdown-it-12.2.0.tgz#091f720fd5db206f80de7a8d1f1a7035fd0d38db"
  integrity sha512-Wjws+uCrVQRqOoJvze4HCqkKl1AsSh95iFAeQDwnyfxM09divCBSXlDR1uTvyUP3Grzpn4Ru8GeCxYPM8vkCQg==
  dependencies:
    argparse "^2.0.1"
    entities "~2.1.0"
    linkify-it "^3.0.1"
    mdurl "^1.0.1"
    uc.micro "^1.0.5"

markdownlint-cli@^0.30.0:
  version "0.30.0"
  resolved "https://registry.yarnpkg.com/markdownlint-cli/-/markdownlint-cli-0.30.0.tgz#4ec0ab85a491eb161182e5c26eff308bf90f18f3"
  integrity sha512-NiG8iERjwsRZtJAIyLMDdYL2O3bJVn3fUxzDl+6Iv61/YYz9H9Nzgke/v0/cW9HfGvgZHhbfI19LFMp6gbKdyw==
  dependencies:
    commander "~8.3.0"
    deep-extend "~0.6.0"
    get-stdin "~8.0.0"
    glob "~7.2.0"
    ignore "~5.1.9"
    js-yaml "^4.1.0"
    jsonc-parser "~3.0.0"
    lodash.differencewith "~4.5.0"
    lodash.flatten "~4.4.0"
    markdownlint "~0.24.0"
    markdownlint-rule-helpers "~0.15.0"
    minimatch "~3.0.4"
    minimist "~1.2.5"
    run-con "~1.2.10"

markdownlint-rule-helpers@~0.15.0:
  version "0.15.0"
  resolved "https://registry.yarnpkg.com/markdownlint-rule-helpers/-/markdownlint-rule-helpers-0.15.0.tgz#11434c573649b9235ae70b967314f5711f7d8fa8"
  integrity sha512-A+9mswc3m/kkqpJCqntmte/1VKhDJ+tjZsERLz5L4h/Qr7ht2/BkGkgY5E7/wsxIhcpl+ctIfz+oS3PQrMOB2w==

markdownlint@~0.24.0:
  version "0.24.0"
  resolved "https://registry.yarnpkg.com/markdownlint/-/markdownlint-0.24.0.tgz#224b53f671367a237d40c8be1745c7be9a322671"
  integrity sha512-OJIGsGFV/rC9irI5E1FMy6v9hdACSwaa+EN3224Y5KG8zj2EYzdHOw0pOJovIYmjNfEZ9BtxUY4P7uYHTSNnbQ==
  dependencies:
    markdown-it "12.2.0"

mdurl@^1.0.1:
  version "1.0.1"
  resolved "https://registry.yarnpkg.com/mdurl/-/mdurl-1.0.1.tgz#fe85b2ec75a59037f2adfec100fd6c601761152e"
  integrity sha1-/oWy7HWlkDfyrf7BAP1sYBdhFS4=

micromatch@^4.0.4:
  version "4.0.4"
  resolved "https://registry.yarnpkg.com/micromatch/-/micromatch-4.0.4.tgz#896d519dfe9db25fce94ceb7a500919bf881ebf9"
  integrity sha512-pRmzw/XUcwXGpD9aI9q/0XOwLNygjETJ8y0ao0wdqprrzDa4YnxLcz7fQRZr8voh8V10kGhABbNcHVk5wHgWwg==
  dependencies:
    braces "^3.0.1"
    picomatch "^2.2.3"

minimatch@^3.0.4, minimatch@~3.0.4:
  version "3.0.4"
  resolved "https://registry.yarnpkg.com/minimatch/-/minimatch-3.0.4.tgz#5166e286457f03306064be5497e8dbb0c3d32083"
  integrity sha512-yJHVQEhyqPLUTgt9B83PXu6W3rx4MvvHvSUvToogpwoGDOUQ+yDrR0HRot+yOCdCO7u4hX3pWft6kWBBcqh0UA==
  dependencies:
    brace-expansion "^1.1.7"

minimist@^1.2.5, minimist@~1.2.5:
  version "1.2.5"
  resolved "https://registry.yarnpkg.com/minimist/-/minimist-1.2.5.tgz#67d66014b66a6a8aaa0c083c5fd58df4e4e97602"
  integrity sha512-FM9nNUYrRBAELZQT3xeZQ7fmMOBg6nWNmJKTcgsJeaLstP/UODVpGsr5OhXhhXg6f+qtJ8uiZ+PUxkDWcgIXLw==

once@^1.3.0:
  version "1.4.0"
  resolved "https://registry.yarnpkg.com/once/-/once-1.4.0.tgz#583b1aa775961d4b113ac17d9c50baef9dd76bd1"
  integrity sha1-WDsap3WWHUsROsF9nFC6753Xa9E=
  dependencies:
    wrappy "1"

p-limit@^3.0.2:
  version "3.1.0"
  resolved "https://registry.yarnpkg.com/p-limit/-/p-limit-3.1.0.tgz#e1daccbe78d0d1388ca18c64fea38e3e57e3706b"
  integrity sha512-TYOanM3wGwNGsZN2cVTYPArw454xnXj5qmWF1bEoAc4+cU/ol7GVh7odevjp1FNHduHc3KZMcFduxU5Xc6uJRQ==
  dependencies:
    yocto-queue "^0.1.0"

p-locate@^5.0.0:
  version "5.0.0"
  resolved "https://registry.yarnpkg.com/p-locate/-/p-locate-5.0.0.tgz#83c8315c6785005e3bd021839411c9e110e6d834"
  integrity sha512-LaNjtRWUBY++zB5nE/NwcaoMylSPk+S+ZHNB1TzdbMJMny6dynpAGt7X/tl/QYq3TIeE6nxHppbo2LGymrG5Pw==
  dependencies:
    p-limit "^3.0.2"

parent-module@^1.0.0:
  version "1.0.1"
  resolved "https://registry.yarnpkg.com/parent-module/-/parent-module-1.0.1.tgz#691d2709e78c79fae3a156622452d00762caaaa2"
  integrity sha512-GQ2EWRpQV8/o+Aw8YqtfZZPfNRWZYkbidE9k5rpl/hC3vtHHBfGm2Ifi6qWV+coDGkrUKZAxE3Lot5kcsRlh+g==
  dependencies:
    callsites "^3.0.0"

parent-module@^2.0.0:
  version "2.0.0"
  resolved "https://registry.yarnpkg.com/parent-module/-/parent-module-2.0.0.tgz#fa71f88ff1a50c27e15d8ff74e0e3a9523bf8708"
  integrity sha512-uo0Z9JJeWzv8BG+tRcapBKNJ0dro9cLyczGzulS6EfeyAdeC9sbojtW6XwvYxJkEne9En+J2XEl4zyglVeIwFg==
  dependencies:
    callsites "^3.1.0"

parse-json@^5.0.0:
  version "5.2.0"
  resolved "https://registry.yarnpkg.com/parse-json/-/parse-json-5.2.0.tgz#c76fc66dee54231c962b22bcc8a72cf2f99753cd"
  integrity sha512-ayCKvm/phCGxOkYRSCM82iDwct8/EonSEgCSxWxD7ve6jHggsFl4fZVQBPRNgQoKiuV/odhFrGzQXZwbifC8Rg==
  dependencies:
    "@babel/code-frame" "^7.0.0"
    error-ex "^1.3.1"
    json-parse-even-better-errors "^2.3.0"
    lines-and-columns "^1.1.6"

path-exists@^4.0.0:
  version "4.0.0"
  resolved "https://registry.yarnpkg.com/path-exists/-/path-exists-4.0.0.tgz#513bdbe2d3b95d7762e8c1137efa195c6c61b5b3"
  integrity sha512-ak9Qy5Q7jYb2Wwcey5Fpvg2KoAc/ZIhLSLOSBmRmygPsGwkVVt0fZa0qrtMz+m6tJTAHfZQ8FnmB4MG4LWy7/w==

path-is-absolute@^1.0.0:
  version "1.0.1"
  resolved "https://registry.yarnpkg.com/path-is-absolute/-/path-is-absolute-1.0.1.tgz#174b9268735534ffbc7ace6bf53a5a9e1b5c5f5f"
  integrity sha1-F0uSaHNVNP+8es5r9TpanhtcX18=

path-type@^4.0.0:
  version "4.0.0"
  resolved "https://registry.yarnpkg.com/path-type/-/path-type-4.0.0.tgz#84ed01c0a7ba380afe09d90a8c180dcd9d03043b"
  integrity sha512-gDKb8aZMDeD/tZWs9P6+q0J9Mwkdl6xMV8TjnGP3qJVJ06bdMgkbBlLU8IdfOsIsFz2BW1rNVT3XuNEl8zPAvw==

picomatch@^2.2.3:
  version "2.2.3"
  resolved "https://registry.yarnpkg.com/picomatch/-/picomatch-2.2.3.tgz#465547f359ccc206d3c48e46a1bcb89bf7ee619d"
  integrity sha512-KpELjfwcCDUb9PeigTs2mBJzXUPzAuP2oPcA989He8Rte0+YUAjw1JVedDhuTKPkHjSYzMN3npC9luThGYEKdg==

repeat-string@^1.6.1:
  version "1.6.1"
  resolved "https://registry.yarnpkg.com/repeat-string/-/repeat-string-1.6.1.tgz#8dcae470e1c88abc2d600fff4a776286da75e637"
  integrity sha1-jcrkcOHIirwtYA//Sndihtp15jc=

resolve-from@^4.0.0:
  version "4.0.0"
  resolved "https://registry.yarnpkg.com/resolve-from/-/resolve-from-4.0.0.tgz#4abcd852ad32dd7baabfe9b40e00a36db5f392e6"
  integrity sha512-pb/MYmXstAkysRFx8piNI1tGFNQIFA3vkE3Gq4EuA1dF6gHp/+vgZqsCGJapvy8N3Q+4o7FwvquPJcnZ7RYy4g==

resolve-from@^5.0.0:
  version "5.0.0"
  resolved "https://registry.yarnpkg.com/resolve-from/-/resolve-from-5.0.0.tgz#c35225843df8f776df21c57557bc087e9dfdfc69"
  integrity sha512-qYg9KP24dD5qka9J47d0aVky0N+b4fTU89LN9iDnjB5waksiC49rvMB0PrUJQGoTmH50XPiqOvAjDfaijGxYZw==

resolve-global@^1.0.0:
  version "1.0.0"
  resolved "https://registry.yarnpkg.com/resolve-global/-/resolve-global-1.0.0.tgz#a2a79df4af2ca3f49bf77ef9ddacd322dad19255"
  integrity sha512-zFa12V4OLtT5XUX/Q4VLvTfBf+Ok0SPc1FNGM/z9ctUdiU618qwKpWnd0CHs3+RqROfyEg/DhuHbMWYqcgljEw==
  dependencies:
    global-dirs "^0.1.1"

rimraf@^3.0.2:
  version "3.0.2"
  resolved "https://registry.yarnpkg.com/rimraf/-/rimraf-3.0.2.tgz#f1a5402ba6220ad52cc1282bac1ae3aa49fd061a"
  integrity sha512-JZkJMZkAGFFPP2YqXZXPbMlMBgsxzE8ILs4lMIX/2o0L9UBw9O/Y3o6wFw/i9YLapcUJWwqbi3kdxIPdC62TIA==
  dependencies:
    glob "^7.1.3"

run-con@~1.2.10:
  version "1.2.10"
  resolved "https://registry.yarnpkg.com/run-con/-/run-con-1.2.10.tgz#90de9d43d20274d00478f4c000495bd72f417d22"
  integrity sha512-n7PZpYmMM26ZO21dd8y3Yw1TRtGABjRtgPSgFS/nhzfvbJMXFtJhJVyEgayMiP+w/23craJjsnfDvx4W4ue/HQ==
  dependencies:
    deep-extend "^0.6.0"
    ini "~2.0.0"
    minimist "^1.2.5"
    strip-json-comments "~3.1.1"

semver@^6.0.0:
  version "6.3.0"
  resolved "https://registry.yarnpkg.com/semver/-/semver-6.3.0.tgz#ee0a64c8af5e8ceea67687b133761e1becbd1d3d"
  integrity sha512-b39TBaTSfV6yBrapU89p5fKekE2m/NwnDocOVruQFS1/veMgdzuPcnOM34M6CwxW8jH/lxEa5rBoDeUwu5HHTw==

signal-exit@^3.0.2:
  version "3.0.3"
  resolved "https://registry.yarnpkg.com/signal-exit/-/signal-exit-3.0.3.tgz#a1410c2edd8f077b08b4e253c8eacfcaf057461c"
  integrity sha512-VUJ49FC8U1OxwZLxIbTTrDvLnf/6TDgxZcK8wxR8zs13xpx7xbG60ndBlhNrFi2EMuFRoeDoJO7wthSLq42EjA==

strip-ansi@^6.0.1:
  version "6.0.1"
  resolved "https://registry.yarnpkg.com/strip-ansi/-/strip-ansi-6.0.1.tgz#9e26c63d30f53443e9489495b2105d37b67a85d9"
  integrity sha512-Y38VPSHcqkFrCpFnQ9vuSXmquuv5oXOKpGeT6aGrr3o3Gc9AlVa6JBfUSOCnbxGGZF+/0ooI7KrPuUSztUdU5A==
  dependencies:
    ansi-regex "^5.0.1"

strip-json-comments@~3.1.1:
  version "3.1.1"
  resolved "https://registry.yarnpkg.com/strip-json-comments/-/strip-json-comments-3.1.1.tgz#31f1281b3832630434831c310c01cccda8cbe006"
  integrity sha512-6fPc+R4ihwqP6N/aIv2f1gMH8lOVtWQHoqC4yK6oSDVVocumAsfCqjkXnqiYMhmMwS/mEHLp7Vehlt3ql6lEig==

supports-color@^5.3.0:
  version "5.5.0"
  resolved "https://registry.yarnpkg.com/supports-color/-/supports-color-5.5.0.tgz#e2e69a44ac8772f78a1ec0b35b689df6530efc8f"
  integrity sha512-QjVjwdXIt408MIiAqCX4oUKsgU2EqAGzs2Ppkm4aQYbjm+ZEWEcW4SfFNTr4uMNZma0ey4f5lgLrkB0aX0QMow==
  dependencies:
    has-flag "^3.0.0"

supports-color@^7.1.0:
  version "7.2.0"
  resolved "https://registry.yarnpkg.com/supports-color/-/supports-color-7.2.0.tgz#1b7dcdcb32b8138801b3e478ba6a51caa89648da"
  integrity sha512-qpCAvRl9stuOHveKsn7HncJRvv501qIacKzQlO/+Lwxc9+0q2wLyv4Dfvt80/DPn2pqOBsJdDiogXGR9+OvwRw==
  dependencies:
    has-flag "^4.0.0"

to-regex-range@^5.0.1:
  version "5.0.1"
  resolved "https://registry.yarnpkg.com/to-regex-range/-/to-regex-range-5.0.1.tgz#1648c44aae7c8d988a326018ed72f5b4dd0392e4"
  integrity sha512-65P7iz6X5yEr1cwcgvQxbbIw7Uk3gOy5dIdtZ4rDveLqhrdJP+Li/Hx6tyK0NEb+2GCyneCMJiGqrADCSNk8sQ==
  dependencies:
    is-number "^7.0.0"

typedarray-to-buffer@^3.1.5:
  version "3.1.5"
  resolved "https://registry.yarnpkg.com/typedarray-to-buffer/-/typedarray-to-buffer-3.1.5.tgz#a97ee7a9ff42691b9f783ff1bc5112fe3fca9080"
  integrity sha512-zdu8XMNEDepKKR+XYOXAVPtWui0ly0NtohUscw+UmaHiAWT8hrV1rr//H6V+0DvJ3OQ19S979M0laLfX8rm82Q==
  dependencies:
    is-typedarray "^1.0.0"

uc.micro@^1.0.1, uc.micro@^1.0.5:
  version "1.0.6"
  resolved "https://registry.yarnpkg.com/uc.micro/-/uc.micro-1.0.6.tgz#9c411a802a409a91fc6cf74081baba34b24499ac"
  integrity sha512-8Y75pvTYkLJW2hWQHXxoqRgV7qb9B+9vFEtidML+7koHUFapnVJAZ6cKs+Qjz5Aw3aZWHMC6u0wJE3At+nSGwA==

unique-string@^2.0.0:
  version "2.0.0"
  resolved "https://registry.yarnpkg.com/unique-string/-/unique-string-2.0.0.tgz#39c6451f81afb2749de2b233e3f7c5e8843bd89d"
  integrity sha512-uNaeirEPvpZWSgzwsPGtU2zVSTrn/8L5q/IexZmH0eH6SA73CmAA5U4GwORTxQAZs95TAXLNqeLoPPNO5gZfWg==
  dependencies:
    crypto-random-string "^2.0.0"

universalify@^2.0.0:
  version "2.0.0"
  resolved "https://registry.yarnpkg.com/universalify/-/universalify-2.0.0.tgz#75a4984efedc4b08975c5aeb73f530d02df25717"
  integrity sha512-hAZsKq7Yy11Zu1DE0OzWjw7nnLZmJZYTDZZyEFHZdUhV8FkH5MCfoU1XMaxXovpyW5nq5scPqq0ZDP9Zyl04oQ==

vscode-uri@^3.0.2:
  version "3.0.2"
  resolved "https://registry.yarnpkg.com/vscode-uri/-/vscode-uri-3.0.2.tgz#ecfd1d066cb8ef4c3a208decdbab9a8c23d055d0"
  integrity sha512-jkjy6pjU1fxUvI51P+gCsxg1u2n8LSt0W6KrCNQceaziKzff74GoWmjVG46KieVzybO1sttPQmYfrwSHey7GUA==

wrappy@1:
  version "1.0.2"
  resolved "https://registry.yarnpkg.com/wrappy/-/wrappy-1.0.2.tgz#b5243d8f3ec1aa35f1364605bc0d1036e30ab69f"
  integrity sha1-tSQ9jz7BqjXxNkYFvA0QNuMKtp8=

write-file-atomic@^3.0.0:
  version "3.0.3"
  resolved "https://registry.yarnpkg.com/write-file-atomic/-/write-file-atomic-3.0.3.tgz#56bd5c5a5c70481cd19c571bd39ab965a5de56e8"
  integrity sha512-AvHcyZ5JnSfq3ioSyjrBkH9yW4m7Ayk8/9My/DD9onKeu/94fwrMocemO2QAJFAlnnDN+ZDS+ZjAR5ua1/PV/Q==
  dependencies:
    imurmurhash "^0.1.4"
    is-typedarray "^1.0.0"
    signal-exit "^3.0.2"
    typedarray-to-buffer "^3.1.5"

xdg-basedir@^4.0.0:
  version "4.0.0"
  resolved "https://registry.yarnpkg.com/xdg-basedir/-/xdg-basedir-4.0.0.tgz#4bc8d9984403696225ef83a1573cbbcb4e79db13"
  integrity sha512-PSNhEJDejZYV7h50BohL09Er9VaIefr2LMAf3OEmpCkjOi34eYyQYAXUTjEQtZJTKcF0E2UKTh+osDLsgNim9Q==

yaml@^1.10.0:
  version "1.10.2"
  resolved "https://registry.yarnpkg.com/yaml/-/yaml-1.10.2.tgz#2301c5ffbf12b467de8da2333a459e29e7920e4b"
  integrity sha512-r3vXyErRCYJ7wg28yvBY5VSoAF8ZvlcW9/BwUzEtUsjvX/DKs24dIkuwjtuprwJJHsbyUbLApepYTR1BN4uHrg==

yocto-queue@^0.1.0:
  version "0.1.0"
  resolved "https://registry.yarnpkg.com/yocto-queue/-/yocto-queue-0.1.0.tgz#0294eb3dee05028d31ee1a5fa2c556a6aaf10a1b"
  integrity sha512-rVksvsnNCdJ/ohGc6xgPwyN8eheCxsiLM8mxuE/t/mOVqJewPuO1miLpTHQiRgTKCLexL4MeAFVagts7HmNZ2Q==
